
Microsoft Visual Studio Solution File, Format Version 12.00
Project("{FAE04EC0-301F-11D3-BF4B-00C04F79EFBC}") = "Destry.Http", "Destry.Http\Destry.Http.csproj", "{932A3F05-FB0C-431E-88EE-72527BC6803C}"
EndProject
Global
	GlobalSection(SolutionConfigurationPlatforms) = preSolution
		Debug|Any CPU = Debug|Any CPU
		Release|Any CPU = Release|Any CPU
	EndGlobalSection
	GlobalSection(ProjectConfigurationPlatforms) = postSolution
		{932A3F05-FB0C-431E-88EE-72527BC6803C}.Debug|Any CPU.ActiveCfg = Debug|Any CPU
		{932A3F05-FB0C-431E-88EE-72527BC6803C}.Debug|Any CPU.Build.0 = Debug|Any CPU
		{932A3F05-FB0C-431E-88EE-72527BC6803C}.Release|Any CPU.ActiveCfg = Release|Any CPU
		{932A3F05-FB0C-431E-88EE-72527BC6803C}.Release|Any CPU.Build.0 = Release|Any CPU
	EndGlobalSection
EndGlobal
